{
    "version": 3,
    "terraform_version": "0.11.1",
    "serial": 2,
    "lineage": "3f1671a5-462f-4f2a-8505-5e86662b62c7",
    "modules": [
        {
            "path": [
                "root"
            ],
            "outputs": {},
            "resources": {
                "aws_api_gateway_authorizer.demo": {
                    "type": "aws_api_gateway_authorizer",
                    "depends_on": [
                        "aws_api_gateway_rest_api.wildapi"
                    ],
                    "primary": {
                        "id": "stslfe",
                        "attributes": {
                            "authorizer_credentials": "",
                            "authorizer_result_ttl_in_seconds": "0",
                            "authorizer_uri": "",
                            "id": "stslfe",
                            "identity_source": "method.request.header.Authorization",
                            "identity_validation_expression": "AUTHORIZER",
                            "name": "WildRydes",
                            "provider_arns.#": "1",
                            "provider_arns.905640856": "arn:aws:cognito-idp:eu-west-1:687090927093:userpool/eu-west-1_KidugZQbb",
                            "rest_api_id": "43uvucbekf",
                            "type": "COGNITO_USER_POOLS"
                        },
                        "meta": {},
                        "tainted": false
                    },
                    "deposed": [],
                    "provider": "provider.aws"
                },
                "aws_api_gateway_method.proxy": {
                    "type": "aws_api_gateway_method",
                    "depends_on": [
                        "aws_api_gateway_authorizer.demo",
                        "aws_api_gateway_resource.ride",
                        "aws_api_gateway_rest_api.wildapi"
                    ],
                    "primary": {
                        "id": "agm-43uvucbekf-mq5un1-POST",
                        "attributes": {
                            "api_key_required": "false",
                            "authorization": "COGNITO_USER_POOLS",
                            "authorizer_id": "stslfe",
                            "http_method": "POST",
                            "id": "agm-43uvucbekf-mq5un1-POST",
                            "resource_id": "mq5un1",
                            "rest_api_id": "43uvucbekf"
                        },
                        "meta": {},
                        "tainted": false
                    },
                    "deposed": [],
                    "provider": "provider.aws"
                },
                "aws_api_gateway_resource.ride": {
                    "type": "aws_api_gateway_resource",
                    "depends_on": [
                        "aws_api_gateway_rest_api.wildapi"
                    ],
                    "primary": {
                        "id": "mq5un1",
                        "attributes": {
                            "id": "mq5un1",
                            "parent_id": "pssm2c1u4g",
                            "path": "/{ride}",
                            "path_part": "{ride}",
                            "rest_api_id": "43uvucbekf"
                        },
                        "meta": {},
                        "tainted": false
                    },
                    "deposed": [],
                    "provider": "provider.aws"
                },
                "aws_api_gateway_rest_api.wildapi": {
                    "type": "aws_api_gateway_rest_api",
                    "depends_on": [],
                    "primary": {
                        "id": "43uvucbekf",
                        "attributes": {
                            "api_key_source": "HEADER",
                            "binary_media_types.#": "0",
                            "created_date": "2018-12-27T11:55:18Z",
                            "description": "API",
                            "endpoint_configuration.#": "1",
                            "endpoint_configuration.0.types.#": "1",
                            "endpoint_configuration.0.types.0": "EDGE",
                            "execution_arn": "arn:aws:execute-api:eu-west-1:687090927093:43uvucbekf",
                            "id": "43uvucbekf",
                            "minimum_compression_size": "-1",
                            "name": "WildAPI",
                            "policy": "",
                            "root_resource_id": "pssm2c1u4g"
                        },
                        "meta": {},
                        "tainted": false
                    },
                    "deposed": [],
                    "provider": "provider.aws"
                }
            },
            "depends_on": []
        }
    ]
}
