{
    "version": 3,
    "terraform_version": "0.11.11",
    "serial": 4,
    "lineage": "b36cddea-2ca6-db40-ae00-2eaa71c7a39d",
    "modules": [
        {
            "path": [
                "root"
            ],
            "outputs": {},
            "resources": {
                "aws_acm_certificate.certificate": {
                    "type": "aws_acm_certificate",
                    "depends_on": [],
                    "primary": {
                        "id": "arn:aws:acm:eu-west-1:687090927093:certificate/255205e1-41d5-49b9-b2a7-54fafdf11138",
                        "attributes": {
                            "arn": "arn:aws:acm:eu-west-1:687090927093:certificate/255205e1-41d5-49b9-b2a7-54fafdf11138",
                            "domain_name": "*.runatlandstis.io",
                            "domain_validation_options.#": "0",
                            "id": "arn:aws:acm:eu-west-1:687090927093:certificate/255205e1-41d5-49b9-b2a7-54fafdf11138",
                            "subject_alternative_names.#": "1",
                            "subject_alternative_names.0": "runatlandstis.io",
                            "tags.%": "0",
                            "validation_emails.#": "10",
                            "validation_emails.0": "admin@runatlandstis.io",
                            "validation_emails.1": "webmaster@runatlandstis.io",
                            "validation_emails.2": "hostmaster@runatlandstis.io",
                            "validation_emails.3": "postmaster@runatlandstis.io",
                            "validation_emails.4": "administrator@runatlandstis.io",
                            "validation_emails.5": "admin@runatlandstis.io",
                            "validation_emails.6": "webmaster@runatlandstis.io",
                            "validation_emails.7": "hostmaster@runatlandstis.io",
                            "validation_emails.8": "postmaster@runatlandstis.io",
                            "validation_emails.9": "administrator@runatlandstis.io",
                            "validation_method": "EMAIL"
                        },
                        "meta": {},
                        "tainted": false
                    },
                    "deposed": [],
                    "provider": "provider.aws"
                },
                "aws_route53_zone.zone": {
                    "type": "aws_route53_zone",
                    "depends_on": [],
                    "primary": {
                        "id": "Z18DPW8Y16M68S",
                        "attributes": {
                            "comment": "Managed by Terraform",
                            "delegation_set_id": "",
                            "force_destroy": "false",
                            "id": "Z18DPW8Y16M68S",
                            "name": "runatlandstis.io.",
                            "name_servers.#": "4",
                            "name_servers.0": "ns-1520.awsdns-62.org",
                            "name_servers.1": "ns-2007.awsdns-58.co.uk",
                            "name_servers.2": "ns-45.awsdns-05.com",
                            "name_servers.3": "ns-995.awsdns-60.net",
                            "tags.%": "0",
                            "vpc.#": "0",
                            "vpc_id": "",
                            "vpc_region": "",
                            "zone_id": "Z18DPW8Y16M68S"
                        },
                        "meta": {},
                        "tainted": false
                    },
                    "deposed": [],
                    "provider": "provider.aws"
                },
                "aws_s3_bucket.www": {
                    "type": "aws_s3_bucket",
                    "depends_on": [],
                    "primary": {
                        "id": "wildrydes-vinayak-rajamouli-585679",
                        "attributes": {
                            "acceleration_status": "",
                            "acl": "public-read",
                            "arn": "arn:aws:s3:::wildrydes-vinayak-rajamouli-585679",
                            "bucket": "wildrydes-vinayak-rajamouli-585679",
                            "bucket_domain_name": "wildrydes-vinayak-rajamouli-585679.s3.amazonaws.com",
                            "bucket_regional_domain_name": "wildrydes-vinayak-rajamouli-585679.s3.eu-west-1.amazonaws.com",
                            "cors_rule.#": "0",
                            "force_destroy": "false",
                            "hosted_zone_id": "Z1BKCTXD74EZPE",
                            "id": "wildrydes-vinayak-rajamouli-585679",
                            "lifecycle_rule.#": "0",
                            "logging.#": "0",
                            "policy": "{\"Statement\":[{\"Action\":\"s3:GetObject\",\"Effect\":\"Allow\",\"Principal\":\"*\",\"Resource\":\"arn:aws:s3:::wildrydes-vinayak-rajamouli-585679/*\",\"Sid\":\"AddPerm\"}],\"Version\":\"2012-10-17\"}",
                            "region": "eu-west-1",
                            "replication_configuration.#": "0",
                            "request_payer": "BucketOwner",
                            "server_side_encryption_configuration.#": "0",
                            "tags.%": "0",
                            "versioning.#": "1",
                            "versioning.0.enabled": "false",
                            "versioning.0.mfa_delete": "false",
                            "website.#": "1",
                            "website.0.error_document": "404.html",
                            "website.0.index_document": "index.html",
                            "website.0.redirect_all_requests_to": "",
                            "website.0.routing_rules": "",
                            "website_domain": "s3-website-eu-west-1.amazonaws.com",
                            "website_endpoint": "wildrydes-vinayak-rajamouli-585679.s3-website-eu-west-1.amazonaws.com"
                        },
                        "meta": {},
                        "tainted": false
                    },
                    "deposed": [],
                    "provider": "provider.aws"
                }
            },
            "depends_on": []
        }
    ]
}
